{
  "name": "agentworth",
  "version": "0.1.12",
  "lockfileVersion": 3,
  "requires": true,
  "packages": {
    "": {
      "name": "agentworth",
      "version": "0.1.12",
      "license": "Apache-2.0",
      "bin": {
        "agentworth": "bin/agentworth.js",
        "agwt": "bin/agentworth.js"
      },
      "engines": {
        "node": ">=18.0.0"
      }
    }
  }
}
